
Microsoft Visual Studio Solution File, Format Version 12.00
# Visual Studio Version 17
VisualStudioVersion = 17.5.33516.290
MinimumVisualStudioVersion = 10.0.40219.1
Project("{8BC9CEB8-8B4A-11D0-8D11-00A0C91BC942}") = "trurl", "trurl.vcxproj", "{575657CF-843F-491C-B15B-881C28DF36CA}"
EndProject
Global
	GlobalSection(SolutionConfigurationPlatforms) = preSolution
		Debug|x64 = Debug|x64
		Debug|x86 = Debug|x86
		Release|x64 = Release|x64
		Release|x86 = Release|x86
	EndGlobalSection
	GlobalSection(ProjectConfigurationPlatforms) = postSolution
		{575657CF-843F-491C-B15B-881C28DF36CA}.Debug|x64.ActiveCfg = Debug|x64
		{575657CF-843F-491C-B15B-881C28DF36CA}.Debug|x64.Build.0 = Debug|x64
		{575657CF-843F-491C-B15B-881C28DF36CA}.Debug|x86.ActiveCfg = Debug|Win32
		{575657CF-843F-491C-B15B-881C28DF36CA}.Debug|x86.Build.0 = Debug|Win32
		{575657CF-843F-491C-B15B-881C28DF36CA}.Release|x64.ActiveCfg = Release|x64
		{575657CF-843F-491C-B15B-881C28DF36CA}.Release|x64.Build.0 = Release|x64
		{575657CF-843F-491C-B15B-881C28DF36CA}.Release|x86.ActiveCfg = Release|Win32
		{575657CF-843F-491C-B15B-881C28DF36CA}.Release|x86.Build.0 = Release|Win32
	EndGlobalSection
	GlobalSection(SolutionProperties) = preSolution
		HideSolutionNode = FALSE
	EndGlobalSection
	GlobalSection(ExtensibilityGlobals) = postSolution
		SolutionGuid = {14A4D782-313F-4F61-A2C5-EF2CD877D3F3}
	EndGlobalSection
EndGlobal
